// !$*UTF8*$!
{
	archiveVersion = 1;
	classes = {
	};
	objectVersion = 50;
	objects = {

/* Begin PBXBuildFile section */
		0C6137EE233F4A1B00D5D844 /* AppDelegate.swift in Sources */ = {isa = PBXBuildFile; fileRef = 0C6137ED233F4A1B00D5D844 /* AppDelegate.swift */; };
		0C6137F0233F4A1B00D5D844 /* SceneDelegate.swift in Sources */ = {isa = PBXBuildFile; fileRef = 0C6137EF233F4A1B00D5D844 /* SceneDelegate.swift */; };
		0C6137F2233F4A1B00D5D844 /* ViewController.swift in Sources */ = {isa = PBXBuildFile; fileRef = 0C6137F1233F4A1B00D5D844 /* ViewController.swift */; };
		0C6137F5233F4A1B00D5D844 /* Main.storyboard in Resources */ = {isa = PBXBuildFile; fileRef = 0C6137F3233F4A1B00D5D844 /* Main.storyboard */; };
		0C6137F7233F4A1C00D5D844 /* Assets.xcassets in Resources */ = {isa = PBXBuildFile; fileRef = 0C6137F6233F4A1C00D5D844 /* Assets.xcassets */; };
		0C6137FA233F4A1C00D5D844 /* LaunchScreen.storyboard in Resources */ = {isa = PBXBuildFile; fileRef = 0C6137F8233F4A1C00D5D844 /* LaunchScreen.storyboard */; };
		0C613802233F4BD700D5D844 /* PokemonCell.swift in Sources */ = {isa = PBXBuildFile; fileRef = 0C613801233F4BD700D5D844 /* PokemonCell.swift */; };
		8E005630F18F9E89E2C45752 /* Pods_PokemonAlamofireApp.framework in Frameworks */ = {isa = PBXBuildFile; fileRef = 2D8862287291109A8F171560 /* Pods_PokemonAlamofireApp.framework */; };
/* End PBXBuildFile section */

/* Begin PBXFileReference section */
		0C6137EA233F4A1B00D5D844 /* PokemonAlamofireApp.app */ = {isa = PBXFileReference; explicitFileType = wrapper.application; includeInIndex = 0; path = PokemonAlamofireApp.app; sourceTree = BUILT_PRODUCTS_DIR; };
		0C6137ED233F4A1B00D5D844 /* AppDelegate.swift */ = {isa = PBXFileReference; lastKnownFileType = sourcecode.swift; path = AppDelegate.swift; sourceTree = "<group>"; };
		0C6137EF233F4A1B00D5D844 /* SceneDelegate.swift */ = {isa = PBXFileReference; lastKnownFileType = sourcecode.swift; path = SceneDelegate.swift; sourceTree = "<group>"; };
		0C6137F1233F4A1B00D5D844 /* ViewController.swift */ = {isa = PBXFileReference; lastKnownFileType = sourcecode.swift; path = ViewController.swift; sourceTree = "<group>"; };
		0C6137F4233F4A1B00D5D844 /* Base */ = {isa = PBXFileReference; lastKnownFileType = file.storyboard; name = Base; path = Base.lproj/Main.storyboard; sourceTree = "<group>"; };
		0C6137F6233F4A1C00D5D844 /* Assets.xcassets */ = {isa = PBXFileReference; lastKnownFileType = folder.assetcatalog; path = Assets.xcassets; sourceTree = "<group>"; };
		0C6137F9233F4A1C00D5D844 /* Base */ = {isa = PBXFileReference; lastKnownFileType = file.storyboard; name = Base; path = Base.lproj/LaunchScreen.storyboard; sourceTree = "<group>"; };
		0C6137FB233F4A1C00D5D844 /* Info.plist */ = {isa = PBXFileReference; lastKnownFileType = text.plist.xml; path = Info.plist; sourceTree = "<group>"; };
		0C613801233F4BD700D5D844 /* PokemonCell.swift */ = {isa = PBXFileReference; lastKnownFileType = sourcecode.swift; path = PokemonCell.swift; sourceTree = "<group>"; };
		2D8862287291109A8F171560 /* Pods_PokemonAlamofireApp.framework */ = {isa = PBXFileReference; explicitFileType = wrapper.framework; includeInIndex = 0; path = Pods_PokemonAlamofireApp.framework; sourceTree = BUILT_PRODUCTS_DIR; };
		64CE088BC31C344F3EE2CBCB /* Pods-PokemonAlamofireApp.release.xcconfig */ = {isa = PBXFileReference; includeInIndex = 1; lastKnownFileType = text.xcconfig; name = "Pods-PokemonAlamofireApp.release.xcconfig"; path = "Target Support Files/Pods-PokemonAlamofireApp/Pods-PokemonAlamofireApp.release.xcconfig"; sourceTree = "<group>"; };
		962B794A3DE0D7FFF90A105F /* Pods-PokemonAlamofireApp.debug.xcconfig */ = {isa = PBXFileReference; includeInIndex = 1; lastKnownFileType = text.xcconfig; name = "Pods-PokemonAlamofireApp.debug.xcconfig"; path = "Target Support Files/Pods-PokemonAlamofireApp/Pods-PokemonAlamofireApp.debug.xcconfig"; sourceTree = "<group>"; };
/* End PBXFileReference section */

/* Begin PBXFrameworksBuildPhase section */
		0C6137E7233F4A1B00D5D844 /* Frameworks */ = {
			isa = PBXFrameworksBuildPhase;
			buildActionMask = 2147483647;
			files = (
				8E005630F18F9E89E2C45752 /* Pods_PokemonAlamofireApp.framework in Frameworks */,
			);
			runOnlyForDeploymentPostprocessing = 0;
		};
/* End PBXFrameworksBuildPhase section */

/* Begin PBXGroup section */
		0C6137E1233F4A1B00D5D844 = {
			isa = PBXGroup;
			children = (
				0C6137EC233F4A1B00D5D844 /* PokemonAlamofireApp */,
				0C6137EB233F4A1B00D5D844 /* Products */,
				CCA545BCF781C10ECA3FB278 /* Pods */,
				3F5D44C24BA76848EEF8695A /* Frameworks */,
			);
			sourceTree = "<group>";
		};
		0C6137EB233F4A1B00D5D844 /* Products */ = {
			isa = PBXGroup;
			children = (
				0C6137EA233F4A1B00D5D844 /* PokemonAlamofireApp.app */,
			);
			name = Products;
			sourceTree = "<group>";
		};
		0C6137EC233F4A1B00D5D844 /* PokemonAlamofireApp */ = {
			isa = PBXGroup;
			children = (
				0C6137ED233F4A1B00D5D844 /* AppDelegate.swift */,
				0C6137EF233F4A1B00D5D844 /* SceneDelegate.swift */,
				0C6137F1233F4A1B00D5D844 /* ViewController.swift */,
				0C6137F3233F4A1B00D5D844 /* Main.storyboard */,
				0C6137F6233F4A1C00D5D844 /* Assets.xcassets */,
				0C6137F8233F4A1C00D5D844 /* LaunchScreen.storyboard */,
				0C6137FB233F4A1C00D5D844 /* Info.plist */,
				0C613801233F4BD700D5D844 /* PokemonCell.swift */,
			);
			path = PokemonAlamofireApp;
			sourceTree = "<group>";
		};
		3F5D44C24BA76848EEF8695A /* Frameworks */ = {
			isa = PBXGroup;
			children = (
				2D8862287291109A8F171560 /* Pods_PokemonAlamofireApp.framework */,
			);
			name = Frameworks;
			sourceTree = "<group>";
		};
		CCA545BCF781C10ECA3FB278 /* Pods */ = {
			isa = PBXGroup;
			children = (
				962B794A3DE0D7FFF90A105F /* Pods-PokemonAlamofireApp.debug.xcconfig */,
				64CE088BC31C344F3EE2CBCB /* Pods-PokemonAlamofireApp.release.xcconfig */,
			);
			name = Pods;
			path = Pods;
			sourceTree = "<group>";
		};
/* End PBXGroup section */

/* Begin PBXNativeTarget section */
		0C6137E9233F4A1B00D5D844 /* PokemonAlamofireApp */ = {
			isa = PBXNativeTarget;
			buildConfigurationList = 0C6137FE233F4A1C00D5D844 /* Build configuration list for PBXNativeTarget "PokemonAlamofireApp" */;
			buildPhases = (
				174259D44938090A1BBE0201 /* [CP] Check Pods Manifest.lock */,
				0C6137E6233F4A1B00D5D844 /* Sources */,
				0C6137E7233F4A1B00D5D844 /* Frameworks */,
				0C6137E8233F4A1B00D5D844 /* Resources */,
				8EC19CBFD279B62A85CB0BAA /* [CP] Embed Pods Frameworks */,
			);
			buildRules = (
			);
			dependencies = (
			);
			name = PokemonAlamofireApp;
			productName = PokemonAlamofireApp;
			productReference = 0C6137EA233F4A1B00D5D844 /* PokemonAlamofireApp.app */;
			productType = "com.apple.product-type.application";
		};
/* End PBXNativeTarget section */

/* Begin PBXProject section */
		0C6137E2233F4A1B00D5D844 /* Project object */ = {
			isa = PBXProject;
			attributes = {
				LastSwiftUpdateCheck = 1100;
				LastUpgradeCheck = 1100;
				ORGANIZATIONNAME = "Jorge Amores Ortiz";
				TargetAttributes = {
					0C6137E9233F4A1B00D5D844 = {
						CreatedOnToolsVersion = 11.0;
					};
				};
			};
			buildConfigurationList = 0C6137E5233F4A1B00D5D844 /* Build configuration list for PBXProject "PokemonAlamofireApp" */;
			compatibilityVersion = "Xcode 9.3";
			developmentRegion = en;
			hasScannedForEncodings = 0;
			knownRegions = (
				en,
				Base,
			);
			mainGroup = 0C6137E1233F4A1B00D5D844;
			productRefGroup = 0C6137EB233F4A1B00D5D844 /* Products */;
			projectDirPath = "";
			projectRoot = "";
			targets = (
				0C6137E9233F4A1B00D5D844 /* PokemonAlamofireApp */,
			);
		};
/* End PBXProject section */

/* Begin PBXResourcesBuildPhase section */
		0C6137E8233F4A1B00D5D844 /* Resources */ = {
			isa = PBXResourcesBuildPhase;
			buildActionMask = 2147483647;
			files = (
				0C6137FA233F4A1C00D5D844 /* LaunchScreen.storyboard in Resources */,
				0C6137F7233F4A1C00D5D844 /* Assets.xcassets in Resources */,
				0C6137F5233F4A1B00D5D844 /* Main.storyboard in Resources */,
			);
			runOnlyForDeploymentPostprocessing = 0;
		};
/* End PBXResourcesBuildPhase section */

/* Begin PBXShellScriptBuildPhase section */
		174259D44938090A1BBE0201 /* [CP] Check Pods Manifest.lock */ = {
			isa = PBXShellScriptBuildPhase;
			buildActionMask = 2147483647;
			files = (
			);
			inputFileListPaths = (
			);
			inputPaths = (
				"${PODS_PODFILE_DIR_PATH}/Podfile.lock",
				"${PODS_ROOT}/Manifest.lock",
			);
			name = "[CP] Check Pods Manifest.lock";
			outputFileListPaths = (
			);
			outputPaths = (
				"$(DERIVED_FILE_DIR)/Pods-PokemonAlamofireApp-checkManifestLockResult.txt",
			);
			runOnlyForDeploymentPostprocessing = 0;
			shellPath = /bin/sh;
			shellScript = "diff \"${PODS_PODFILE_DIR_PATH}/Podfile.lock\" \"${PODS_ROOT}/Manifest.lock\" > /dev/null\nif [ $? != 0 ] ; then\n    # print error to STDERR\n    echo \"error: The sandbox is not in sync with the Podfile.lock. Run 'pod install' or update your CocoaPods installation.\" >&2\n    exit 1\nfi\n# This output is used by Xcode 'outputs' to avoid re-running this script phase.\necho \"SUCCESS\" > \"${SCRIPT_OUTPUT_FILE_0}\"\n";
			showEnvVarsInLog = 0;
		};
		8EC19CBFD279B62A85CB0BAA /* [CP] Embed Pods Frameworks */ = {
			isa = PBXShellScriptBuildPhase;
			buildActionMask = 2147483647;
			files = (
			);
			inputFileListPaths = (
				"${PODS_ROOT}/Target Support Files/Pods-PokemonAlamofireApp/Pods-PokemonAlamofireApp-frameworks-${CONFIGURATION}-input-files.xcfilelist",
			);
			name = "[CP] Embed Pods Frameworks";
			outputFileListPaths = (
				"${PODS_ROOT}/Target Support Files/Pods-PokemonAlamofireApp/Pods-PokemonAlamofireApp-frameworks-${CONFIGURATION}-output-files.xcfilelist",
			);
			runOnlyForDeploymentPostprocessing = 0;
			shellPath = /bin/sh;
			shellScript = "\"${PODS_ROOT}/Target Support Files/Pods-PokemonAlamofireApp/Pods-PokemonAlamofireApp-frameworks.sh\"\n";
			showEnvVarsInLog = 0;
		};
/* End PBXShellScriptBuildPhase section */

/* Begin PBXSourcesBuildPhase section */
		0C6137E6233F4A1B00D5D844 /* Sources */ = {
			isa = PBXSourcesBuildPhase;
			buildActionMask = 2147483647;
			files = (
				0C6137F2233F4A1B00D5D844 /* ViewController.swift in Sources */,
				0C613802233F4BD700D5D844 /* PokemonCell.swift in Sources */,
				0C6137EE233F4A1B00D5D844 /* AppDelegate.swift in Sources */,
				0C6137F0233F4A1B00D5D844 /* SceneDelegate.swift in Sources */,
			);
			runOnlyForDeploymentPostprocessing = 0;
		};
/* End PBXSourcesBuildPhase section */

/* Begin PBXVariantGroup section */
		0C6137F3233F4A1B00D5D844 /* Main.storyboard */ = {
			isa = PBXVariantGroup;
			children = (
				0C6137F4233F4A1B00D5D844 /* Base */,
			);
			name = Main.storyboard;
			sourceTree = "<group>";
		};
		0C6137F8233F4A1C00D5D844 /* LaunchScreen.storyboard */ = {
			isa = PBXVariantGroup;
			children = (
				0C6137F9233F4A1C00D5D844 /* Base */,
			);
			name = LaunchScreen.storyboard;
			sourceTree = "<group>";
		};
/* End PBXVariantGroup section */

/* Begin XCBuildConfiguration section */
		0C6137FC233F4A1C00D5D844 /* Debug */ = {
			isa = XCBuildConfiguration;
			buildSettings = {
				ALWAYS_SEARCH_USER_PATHS = NO;
				CLANG_ANALYZER_NONNULL = YES;
				CLANG_ANALYZER_NUMBER_OBJECT_CONVERSION = YES_AGGRESSIVE;
				CLANG_CXX_LANGUAGE_STANDARD = "gnu++14";
				CLANG_CXX_LIBRARY = "libc++";
				CLANG_ENABLE_MODULES = YES;
				CLANG_ENABLE_OBJC_ARC = YES;
				CLANG_ENABLE_OBJC_WEAK = YES;
				CLANG_WARN_BLOCK_CAPTURE_AUTORELEASING = YES;
				CLANG_WARN_BOOL_CONVERSION = YES;
				CLANG_WARN_COMMA = YES;
				CLANG_WARN_CONSTANT_CONVERSION = YES;
				CLANG_WARN_DEPRECATED_OBJC_IMPLEMENTATIONS = YES;
				CLANG_WARN_DIRECT_OBJC_ISA_USAGE = YES_ERROR;
				CLANG_WARN_DOCUMENTATION_COMMENTS = YES;
				CLANG_WARN_EMPTY_BODY = YES;
				CLANG_WARN_ENUM_CONVERSION = YES;
				CLANG_WARN_INFINITE_RECURSION = YES;
				CLANG_WARN_INT_CONVERSION = YES;
				CLANG_WARN_NON_LITERAL_NULL_CONVERSION = YES;
				CLANG_WARN_OBJC_IMPLICIT_RETAIN_SELF = YES;
				CLANG_WARN_OBJC_LITERAL_CONVERSION = YES;
				CLANG_WARN_OBJC_ROOT_CLASS = YES_ERROR;
				CLANG_WARN_RANGE_LOOP_ANALYSIS = YES;
				CLANG_WARN_STRICT_PROTOTYPES = YES;
				CLANG_WARN_SUSPICIOUS_MOVE = YES;
				CLANG_WARN_UNGUARDED_AVAILABILITY = YES_AGGRESSIVE;
				CLANG_WARN_UNREACHABLE_CODE = YES;
				CLANG_WARN__DUPLICATE_METHOD_MATCH = YES;
				COPY_PHASE_STRIP = NO;
				DEBUG_INFORMATION_FORMAT = dwarf;
				ENABLE_STRICT_OBJC_MSGSEND = YES;
				ENABLE_TESTABILITY = YES;
				GCC_C_LANGUAGE_STANDARD = gnu11;
				GCC_DYNAMIC_NO_PIC = NO;
				GCC_NO_COMMON_BLOCKS = YES;
				GCC_OPTIMIZATION_LEVEL = 0;
				GCC_PREPROCESSOR_DEFINITIONS = (
					"DEBUG=1",
					"$(inherited)",
				);
				GCC_WARN_64_TO_32_BIT_CONVERSION = YES;
				GCC_WARN_ABOUT_RETURN_TYPE = YES_ERROR;
				GCC_WARN_UNDECLARED_SELECTOR = YES;
				GCC_WARN_UNINITIALIZED_AUTOS = YES_AGGRESSIVE;
				GCC_WARN_UNUSED_FUNCTION = YES;
				GCC_WARN_UNUSED_VARIABLE = YES;
				IPHONEOS_DEPLOYMENT_TARGET = 13.0;
				MTL_ENABLE_DEBUG_INFO = INCLUDE_SOURCE;
				MTL_FAST_MATH = YES;
				ONLY_ACTIVE_ARCH = YES;
				SDKROOT = iphoneos;
				SWIFT_ACTIVE_COMPILATION_CONDITIONS = DEBUG;
				SWIFT_OPTIMIZATION_LEVEL = "-Onone";
			};
			name = Debug;
		};
		0C6137FD233F4A1C00D5D844 /* Release */ = {
			isa = XCBuildConfiguration;
			buildSettings = {
				ALWAYS_SEARCH_USER_PATHS = NO;
				CLANG_ANALYZER_NONNULL = YES;
				CLANG_ANALYZER_NUMBER_OBJECT_CONVERSION = YES_AGGRESSIVE;
				CLANG_CXX_LANGUAGE_STANDARD = "gnu++14";
				CLANG_CXX_LIBRARY = "libc++";
				CLANG_ENABLE_MODULES = YES;
				CLANG_ENABLE_OBJC_ARC = YES;
				CLANG_ENABLE_OBJC_WEAK = YES;
				CLANG_WARN_BLOCK_CAPTURE_AUTORELEASING = YES;
				CLANG_WARN_BOOL_CONVERSION = YES;
				CLANG_WARN_COMMA = YES;
				CLANG_WARN_CONSTANT_CONVERSION = YES;
				CLANG_WARN_DEPRECATED_OBJC_IMPLEMENTATIONS = YES;
				CLANG_WARN_DIRECT_OBJC_ISA_USAGE = YES_ERROR;
				CLANG_WARN_DOCUMENTATION_COMMENTS = YES;
				CLANG_WARN_EMPTY_BODY = YES;
				CLANG_WARN_ENUM_CONVERSION = YES;
				CLANG_WARN_INFINITE_RECURSION = YES;
				CLANG_WARN_INT_CONVERSION = YES;
				CLANG_WARN_NON_LITERAL_NULL_CONVERSION = YES;
				CLANG_WARN_OBJC_IMPLICIT_RETAIN_SELF = YES;
				CLANG_WARN_OBJC_LITERAL_CONVERSION = YES;
				CLANG_WARN_OBJC_ROOT_CLASS = YES_ERROR;
				CLANG_WARN_RANGE_LOOP_ANALYSIS = YES;
				CLANG_WARN_STRICT_PROTOTYPES = YES;
				CLANG_WARN_SUSPICIOUS_MOVE = YES;
				CLANG_WARN_UNGUARDED_AVAILABILITY = YES_AGGRESSIVE;
				CLANG_WARN_UNREACHABLE_CODE = YES;
				CLANG_WARN__DUPLICATE_METHOD_MATCH = YES;
				COPY_PHASE_STRIP = NO;
				DEBUG_INFORMATION_FORMAT = "dwarf-with-dsym";
				ENABLE_NS_ASSERTIONS = NO;
				ENABLE_STRICT_OBJC_MSGSEND = YES;
				GCC_C_LANGUAGE_STANDARD = gnu11;
				GCC_NO_COMMON_BLOCKS = YES;
				GCC_WARN_64_TO_32_BIT_CONVERSION = YES;
				GCC_WARN_ABOUT_RETURN_TYPE = YES_ERROR;
				GCC_WARN_UNDECLARED_SELECTOR = YES;
				GCC_WARN_UNINITIALIZED_AUTOS = YES_AGGRESSIVE;
				GCC_WARN_UNUSED_FUNCTION = YES;
				GCC_WARN_UNUSED_VARIABLE = YES;
				IPHONEOS_DEPLOYMENT_TARGET = 13.0;
				MTL_ENABLE_DEBUG_INFO = NO;
				MTL_FAST_MATH = YES;
				SDKROOT = iphoneos;
				SWIFT_COMPILATION_MODE = wholemodule;
				SWIFT_OPTIMIZATION_LEVEL = "-O";
				VALIDATE_PRODUCT = YES;
			};
			name = Release;
		};
		0C6137FF233F4A1C00D5D844 /* Debug */ = {
			isa = XCBuildConfiguration;
			baseConfigurationReference = 962B794A3DE0D7FFF90A105F /* Pods-PokemonAlamofireApp.debug.xcconfig */;
			buildSettings = {
				ASSETCATALOG_COMPILER_APPICON_NAME = AppIcon;
				CODE_SIGN_STYLE = Automatic;
				DEVELOPMENT_TEAM = 38727NYDZQ;
				INFOPLIST_FILE = PokemonAlamofireApp/Info.plist;
				LD_RUNPATH_SEARCH_PATHS = (
					"$(inherited)",
					"@executable_path/Frameworks",
				);
				PRODUCT_BUNDLE_IDENTIFIER = com.jamoresortiz.PokemonAlamofireApp;
				PRODUCT_NAME = "$(TARGET_NAME)";
				SWIFT_VERSION = 5.0;
				TARGETED_DEVICE_FAMILY = "1,2";
			};
			name = Debug;
		};
		0C613800233F4A1C00D5D844 /* Release */ = {
			isa = XCBuildConfiguration;
			baseConfigurationReference = 64CE088BC31C344F3EE2CBCB /* Pods-PokemonAlamofireApp.release.xcconfig */;
			buildSettings = {
				ASSETCATALOG_COMPILER_APPICON_NAME = AppIcon;
				CODE_SIGN_STYLE = Automatic;
				DEVELOPMENT_TEAM = 38727NYDZQ;
				INFOPLIST_FILE = PokemonAlamofireApp/Info.plist;
				LD_RUNPATH_SEARCH_PATHS = (
					"$(inherited)",
					"@executable_path/Frameworks",
				);
				PRODUCT_BUNDLE_IDENTIFIER = com.jamoresortiz.PokemonAlamofireApp;
				PRODUCT_NAME = "$(TARGET_NAME)";
				SWIFT_VERSION = 5.0;
				TARGETED_DEVICE_FAMILY = "1,2";
			};
			name = Release;
		};
/* End XCBuildConfiguration section */

/* Begin XCConfigurationList section */
		0C6137E5233F4A1B00D5D844 /* Build configuration list for PBXProject "PokemonAlamofireApp" */ = {
			isa = XCConfigurationList;
			buildConfigurations = (
				0C6137FC233F4A1C00D5D844 /* Debug */,
				0C6137FD233F4A1C00D5D844 /* Release */,
			);
			defaultConfigurationIsVisible = 0;
			defaultConfigurationName = Release;
		};
		0C6137FE233F4A1C00D5D844 /* Build configuration list for PBXNativeTarget "PokemonAlamofireApp" */ = {
			isa = XCConfigurationList;
			buildConfigurations = (
				0C6137FF233F4A1C00D5D844 /* Debug */,
				0C613800233F4A1C00D5D844 /* Release */,
			);
			defaultConfigurationIsVisible = 0;
			defaultConfigurationName = Release;
		};
/* End XCConfigurationList section */
	};
	rootObject = 0C6137E2233F4A1B00D5D844 /* Project object */;
}
